
Microsoft Visual Studio Solution File, Format Version 12.00
# Visual Studio Version 16
VisualStudioVersion = 16.0.29911.84
MinimumVisualStudioVersion = 10.0.40219.1
Project("{8BC9CEB8-8B4A-11D0-8D11-00A0C91BC942}") = "Week1_1", "Week1_1\Week1_1.vcxproj", "{644927F3-F83D-47C7-8D43-6BE4FCFFCF1F}"
EndProject
Project("{8BC9CEB8-8B4A-11D0-8D11-00A0C91BC942}") = "Week1_2", "Week1_2\Week1_2.vcxproj", "{EBA4EF39-5761-4B81-A8A1-9F56AFCEDE14}"
EndProject
Project("{8BC9CEB8-8B4A-11D0-8D11-00A0C91BC942}") = "Week1_3", "Week1_3\Week1_3.vcxproj", "{885990B8-0C66-4662-849B-784D5F6D610D}"
EndProject
Project("{8BC9CEB8-8B4A-11D0-8D11-00A0C91BC942}") = "Week2_1", "Week2_1\Week2_1.vcxproj", "{0EEC1B38-169D-4094-9CFD-7843CA852ABB}"
EndProject
Project("{2150E333-8FDC-42A3-9474-1A3956D46DE8}") = "Week 01", "Week 01", "{1B6EADDE-4033-4F44-A060-AF6CE59DE16B}"
EndProject
Project("{2150E333-8FDC-42A3-9474-1A3956D46DE8}") = "Week 02", "Week 02", "{072B7BBE-FDA4-4285-A5B5-B19A0F469287}"
EndProject
Project("{8BC9CEB8-8B4A-11D0-8D11-00A0C91BC942}") = "Week2_2", "Week2_2\Week2_2.vcxproj", "{5207C8FE-2E26-437F-B621-0549B35099C4}"
EndProject
Project("{8BC9CEB8-8B4A-11D0-8D11-00A0C91BC942}") = "Week2_3", "Week2_3\Week2_3.vcxproj", "{7E964C7D-3363-4763-9F9F-9B3E4C74D33A}"
EndProject
Project("{2150E333-8FDC-42A3-9474-1A3956D46DE8}") = "Week 03", "Week 03", "{FEEA3A8B-CEEF-4828-8C8A-EACEC6B36F48}"
EndProject
Project("{8BC9CEB8-8B4A-11D0-8D11-00A0C91BC942}") = "Week3_1", "Week3_1\Week3_1.vcxproj", "{47E1A339-3624-48B0-9062-ABCD5EA4E290}"
EndProject
Project("{8BC9CEB8-8B4A-11D0-8D11-00A0C91BC942}") = "Week3_2", "Week3_2\Week3_2.vcxproj", "{A7868D76-BAE6-432C-99E2-1EA487D80EDF}"
EndProject
Project("{8BC9CEB8-8B4A-11D0-8D11-00A0C91BC942}") = "Week3_3", "Week3_3\Week3_3.vcxproj", "{84E3D4CC-3477-4397-B7A0-EF8D0EC18290}"
EndProject
Project("{2150E333-8FDC-42A3-9474-1A3956D46DE8}") = "Week 04", "Week 04", "{A75FECDE-D3C2-470D-AFDD-BEBB04A3E2AE}"
EndProject
Project("{8BC9CEB8-8B4A-11D0-8D11-00A0C91BC942}") = "Week4_1", "Week4_1\Week4_1.vcxproj", "{F0F34586-9CA1-49A7-B535-EC839E18B4AD}"
EndProject
Project("{8BC9CEB8-8B4A-11D0-8D11-00A0C91BC942}") = "Week4_2", "Week4_2\Week4_2.vcxproj", "{BBF84F3A-75D4-4EAF-BDB8-878BEE903BF7}"
EndProject
Project("{8BC9CEB8-8B4A-11D0-8D11-00A0C91BC942}") = "Week4_3", "Week4_3\Week4_3.vcxproj", "{B6660528-32DC-440C-8963-4AB93AB3727E}"
EndProject
Project("{2150E333-8FDC-42A3-9474-1A3956D46DE8}") = "Week 05", "Week 05", "{06CEE74F-3002-4043-AF36-3859143428C0}"
EndProject
Project("{8BC9CEB8-8B4A-11D0-8D11-00A0C91BC942}") = "Week5_1", "Week5_1\Week5_1.vcxproj", "{420345EC-BB03-4F1A-BCE7-37EB66C3F3C5}"
EndProject
Project("{8BC9CEB8-8B4A-11D0-8D11-00A0C91BC942}") = "Week5_2", "Week5_2\Week5_2.vcxproj", "{47D6F7FB-90B8-463A-A050-CF5B90E0FEB4}"
EndProject
Project("{8BC9CEB8-8B4A-11D0-8D11-00A0C91BC942}") = "Week5_3", "Week5_3\Week5_3.vcxproj", "{882D0C8F-1567-476E-817A-425AAF9BA869}"
EndProject
Project("{2150E333-8FDC-42A3-9474-1A3956D46DE8}") = "Lab", "Lab", "{61AFE076-5F79-4CF5-893B-D47413BE0222}"
EndProject
Project("{8BC9CEB8-8B4A-11D0-8D11-00A0C91BC942}") = "Lab4", "Lab4\Lab4.vcxproj", "{A1DF19DD-673D-4FD2-BAB0-1DDBE9B811DC}"
EndProject
Project("{8BC9CEB8-8B4A-11D0-8D11-00A0C91BC942}") = "Lab5", "Lab5\Lab5.vcxproj", "{E6BCD911-A819-4BF4-9E63-6110CEC5338E}"
EndProject
Project("{2150E333-8FDC-42A3-9474-1A3956D46DE8}") = "Week 06", "Week 06", "{441412C5-ADF2-4ED6-899C-DDE14009D824}"
EndProject
Project("{8BC9CEB8-8B4A-11D0-8D11-00A0C91BC942}") = "Week6_1", "Week6_1\Week6_1.vcxproj", "{04284B1A-9819-4224-A355-8EEC600DC877}"
EndProject
Project("{8BC9CEB8-8B4A-11D0-8D11-00A0C91BC942}") = "Week6_2", "Week6_2\Week6_2.vcxproj", "{5CF34FEC-E013-49A8-9743-894A50342E9D}"
EndProject
Project("{8BC9CEB8-8B4A-11D0-8D11-00A0C91BC942}") = "Week6_3", "Week6_3\Week6_3.vcxproj", "{1BCDB258-4D9F-4020-B9CD-FE7D59AB633B}"
EndProject
Project("{2150E333-8FDC-42A3-9474-1A3956D46DE8}") = "Week 08", "Week 08", "{AEF4CE1A-1A76-4CF0-9900-4D2CF2BE40F1}"
EndProject
Project("{8BC9CEB8-8B4A-11D0-8D11-00A0C91BC942}") = "Week8_1", "Week8_1\Week8_1.vcxproj", "{ABD82499-561C-4DD1-9B70-3D2F2A5EB9A8}"
EndProject
Project("{2150E333-8FDC-42A3-9474-1A3956D46DE8}") = "Week 09", "Week 09", "{EF0918DC-0617-45A0-B691-5752EFCA03E6}"
EndProject
Project("{8BC9CEB8-8B4A-11D0-8D11-00A0C91BC942}") = "Week9_1", "Week9_1\Week9_1.vcxproj", "{BAAB6EFA-242C-49B8-A72A-A3BCC5177DD4}"
EndProject
Project("{2150E333-8FDC-42A3-9474-1A3956D46DE8}") = "Week 10", "Week 10", "{7165169F-249D-4E3D-8DC5-0965BDFE364C}"
EndProject
Project("{8BC9CEB8-8B4A-11D0-8D11-00A0C91BC942}") = "Week10_1", "Week10_1\Week10_1.vcxproj", "{84B18716-EF5C-4923-B69A-02844F4A58B2}"
EndProject
Project("{8BC9CEB8-8B4A-11D0-8D11-00A0C91BC942}") = "Lab6", "Lab6\Lab6.vcxproj", "{D86B9A1A-1B0D-481C-ACC1-99FA7AAEE008}"
EndProject
Project("{8BC9CEB8-8B4A-11D0-8D11-00A0C91BC942}") = "Week11_1", "Week11_1\Week11_1.vcxproj", "{81B1BA5C-66AF-4F0F-98D4-A59693C51657}"
EndProject
Global
	GlobalSection(SolutionConfigurationPlatforms) = preSolution
		Debug|x64 = Debug|x64
		Debug|x86 = Debug|x86
		Release|x64 = Release|x64
		Release|x86 = Release|x86
	EndGlobalSection
	GlobalSection(ProjectConfigurationPlatforms) = postSolution
		{644927F3-F83D-47C7-8D43-6BE4FCFFCF1F}.Debug|x64.ActiveCfg = Debug|x64
		{644927F3-F83D-47C7-8D43-6BE4FCFFCF1F}.Debug|x64.Build.0 = Debug|x64
		{644927F3-F83D-47C7-8D43-6BE4FCFFCF1F}.Debug|x86.ActiveCfg = Debug|Win32
		{644927F3-F83D-47C7-8D43-6BE4FCFFCF1F}.Debug|x86.Build.0 = Debug|Win32
		{644927F3-F83D-47C7-8D43-6BE4FCFFCF1F}.Release|x64.ActiveCfg = Release|x64
		{644927F3-F83D-47C7-8D43-6BE4FCFFCF1F}.Release|x64.Build.0 = Release|x64
		{644927F3-F83D-47C7-8D43-6BE4FCFFCF1F}.Release|x86.ActiveCfg = Release|Win32
		{644927F3-F83D-47C7-8D43-6BE4FCFFCF1F}.Release|x86.Build.0 = Release|Win32
		{EBA4EF39-5761-4B81-A8A1-9F56AFCEDE14}.Debug|x64.ActiveCfg = Debug|x64
		{EBA4EF39-5761-4B81-A8A1-9F56AFCEDE14}.Debug|x64.Build.0 = Debug|x64
		{EBA4EF39-5761-4B81-A8A1-9F56AFCEDE14}.Debug|x86.ActiveCfg = Debug|Win32
		{EBA4EF39-5761-4B81-A8A1-9F56AFCEDE14}.Debug|x86.Build.0 = Debug|Win32
		{EBA4EF39-5761-4B81-A8A1-9F56AFCEDE14}.Release|x64.ActiveCfg = Release|x64
		{EBA4EF39-5761-4B81-A8A1-9F56AFCEDE14}.Release|x64.Build.0 = Release|x64
		{EBA4EF39-5761-4B81-A8A1-9F56AFCEDE14}.Release|x86.ActiveCfg = Release|Win32
		{EBA4EF39-5761-4B81-A8A1-9F56AFCEDE14}.Release|x86.Build.0 = Release|Win32
		{885990B8-0C66-4662-849B-784D5F6D610D}.Debug|x64.ActiveCfg = Debug|x64
		{885990B8-0C66-4662-849B-784D5F6D610D}.Debug|x64.Build.0 = Debug|x64
		{885990B8-0C66-4662-849B-784D5F6D610D}.Debug|x86.ActiveCfg = Debug|Win32
		{885990B8-0C66-4662-849B-784D5F6D610D}.Debug|x86.Build.0 = Debug|Win32
		{885990B8-0C66-4662-849B-784D5F6D610D}.Release|x64.ActiveCfg = Release|x64
		{885990B8-0C66-4662-849B-784D5F6D610D}.Release|x64.Build.0 = Release|x64
		{885990B8-0C66-4662-849B-784D5F6D610D}.Release|x86.ActiveCfg = Release|Win32
		{885990B8-0C66-4662-849B-784D5F6D610D}.Release|x86.Build.0 = Release|Win32
		{0EEC1B38-169D-4094-9CFD-7843CA852ABB}.Debug|x64.ActiveCfg = Debug|x64
		{0EEC1B38-169D-4094-9CFD-7843CA852ABB}.Debug|x64.Build.0 = Debug|x64
		{0EEC1B38-169D-4094-9CFD-7843CA852ABB}.Debug|x86.ActiveCfg = Debug|Win32
		{0EEC1B38-169D-4094-9CFD-7843CA852ABB}.Debug|x86.Build.0 = Debug|Win32
		{0EEC1B38-169D-4094-9CFD-7843CA852ABB}.Release|x64.ActiveCfg = Release|x64
		{0EEC1B38-169D-4094-9CFD-7843CA852ABB}.Release|x64.Build.0 = Release|x64
		{0EEC1B38-169D-4094-9CFD-7843CA852ABB}.Release|x86.ActiveCfg = Release|Win32
		{0EEC1B38-169D-4094-9CFD-7843CA852ABB}.Release|x86.Build.0 = Release|Win32
		{5207C8FE-2E26-437F-B621-0549B35099C4}.Debug|x64.ActiveCfg = Debug|x64
		{5207C8FE-2E26-437F-B621-0549B35099C4}.Debug|x64.Build.0 = Debug|x64
		{5207C8FE-2E26-437F-B621-0549B35099C4}.Debug|x86.ActiveCfg = Debug|Win32
		{5207C8FE-2E26-437F-B621-0549B35099C4}.Debug|x86.Build.0 = Debug|Win32
		{5207C8FE-2E26-437F-B621-0549B35099C4}.Release|x64.ActiveCfg = Release|x64
		{5207C8FE-2E26-437F-B621-0549B35099C4}.Release|x64.Build.0 = Release|x64
		{5207C8FE-2E26-437F-B621-0549B35099C4}.Release|x86.ActiveCfg = Release|Win32
		{5207C8FE-2E26-437F-B621-0549B35099C4}.Release|x86.Build.0 = Release|Win32
		{7E964C7D-3363-4763-9F9F-9B3E4C74D33A}.Debug|x64.ActiveCfg = Debug|x64
		{7E964C7D-3363-4763-9F9F-9B3E4C74D33A}.Debug|x64.Build.0 = Debug|x64
		{7E964C7D-3363-4763-9F9F-9B3E4C74D33A}.Debug|x86.ActiveCfg = Debug|Win32
		{7E964C7D-3363-4763-9F9F-9B3E4C74D33A}.Debug|x86.Build.0 = Debug|Win32
		{7E964C7D-3363-4763-9F9F-9B3E4C74D33A}.Release|x64.ActiveCfg = Release|x64
		{7E964C7D-3363-4763-9F9F-9B3E4C74D33A}.Release|x64.Build.0 = Release|x64
		{7E964C7D-3363-4763-9F9F-9B3E4C74D33A}.Release|x86.ActiveCfg = Release|Win32
		{7E964C7D-3363-4763-9F9F-9B3E4C74D33A}.Release|x86.Build.0 = Release|Win32
		{47E1A339-3624-48B0-9062-ABCD5EA4E290}.Debug|x64.ActiveCfg = Debug|x64
		{47E1A339-3624-48B0-9062-ABCD5EA4E290}.Debug|x64.Build.0 = Debug|x64
		{47E1A339-3624-48B0-9062-ABCD5EA4E290}.Debug|x86.ActiveCfg = Debug|Win32
		{47E1A339-3624-48B0-9062-ABCD5EA4E290}.Debug|x86.Build.0 = Debug|Win32
		{47E1A339-3624-48B0-9062-ABCD5EA4E290}.Release|x64.ActiveCfg = Release|x64
		{47E1A339-3624-48B0-9062-ABCD5EA4E290}.Release|x64.Build.0 = Release|x64
		{47E1A339-3624-48B0-9062-ABCD5EA4E290}.Release|x86.ActiveCfg = Release|Win32
		{47E1A339-3624-48B0-9062-ABCD5EA4E290}.Release|x86.Build.0 = Release|Win32
		{A7868D76-BAE6-432C-99E2-1EA487D80EDF}.Debug|x64.ActiveCfg = Debug|x64
		{A7868D76-BAE6-432C-99E2-1EA487D80EDF}.Debug|x64.Build.0 = Debug|x64
		{A7868D76-BAE6-432C-99E2-1EA487D80EDF}.Debug|x86.ActiveCfg = Debug|Win32
		{A7868D76-BAE6-432C-99E2-1EA487D80EDF}.Debug|x86.Build.0 = Debug|Win32
		{A7868D76-BAE6-432C-99E2-1EA487D80EDF}.Release|x64.ActiveCfg = Release|x64
		{A7868D76-BAE6-432C-99E2-1EA487D80EDF}.Release|x64.Build.0 = Release|x64
		{A7868D76-BAE6-432C-99E2-1EA487D80EDF}.Release|x86.ActiveCfg = Release|Win32
		{A7868D76-BAE6-432C-99E2-1EA487D80EDF}.Release|x86.Build.0 = Release|Win32
		{84E3D4CC-3477-4397-B7A0-EF8D0EC18290}.Debug|x64.ActiveCfg = Debug|x64
		{84E3D4CC-3477-4397-B7A0-EF8D0EC18290}.Debug|x64.Build.0 = Debug|x64
		{84E3D4CC-3477-4397-B7A0-EF8D0EC18290}.Debug|x86.ActiveCfg = Debug|Win32
		{84E3D4CC-3477-4397-B7A0-EF8D0EC18290}.Debug|x86.Build.0 = Debug|Win32
		{84E3D4CC-3477-4397-B7A0-EF8D0EC18290}.Release|x64.ActiveCfg = Release|x64
		{84E3D4CC-3477-4397-B7A0-EF8D0EC18290}.Release|x64.Build.0 = Release|x64
		{84E3D4CC-3477-4397-B7A0-EF8D0EC18290}.Release|x86.ActiveCfg = Release|Win32
		{84E3D4CC-3477-4397-B7A0-EF8D0EC18290}.Release|x86.Build.0 = Release|Win32
		{F0F34586-9CA1-49A7-B535-EC839E18B4AD}.Debug|x64.ActiveCfg = Debug|x64
		{F0F34586-9CA1-49A7-B535-EC839E18B4AD}.Debug|x64.Build.0 = Debug|x64
		{F0F34586-9CA1-49A7-B535-EC839E18B4AD}.Debug|x86.ActiveCfg = Debug|Win32
		{F0F34586-9CA1-49A7-B535-EC839E18B4AD}.Debug|x86.Build.0 = Debug|Win32
		{F0F34586-9CA1-49A7-B535-EC839E18B4AD}.Release|x64.ActiveCfg = Release|x64
		{F0F34586-9CA1-49A7-B535-EC839E18B4AD}.Release|x64.Build.0 = Release|x64
		{F0F34586-9CA1-49A7-B535-EC839E18B4AD}.Release|x86.ActiveCfg = Release|Win32
		{F0F34586-9CA1-49A7-B535-EC839E18B4AD}.Release|x86.Build.0 = Release|Win32
		{BBF84F3A-75D4-4EAF-BDB8-878BEE903BF7}.Debug|x64.ActiveCfg = Debug|x64
		{BBF84F3A-75D4-4EAF-BDB8-878BEE903BF7}.Debug|x64.Build.0 = Debug|x64
		{BBF84F3A-75D4-4EAF-BDB8-878BEE903BF7}.Debug|x86.ActiveCfg = Debug|Win32
		{BBF84F3A-75D4-4EAF-BDB8-878BEE903BF7}.Debug|x86.Build.0 = Debug|Win32
		{BBF84F3A-75D4-4EAF-BDB8-878BEE903BF7}.Release|x64.ActiveCfg = Release|x64
		{BBF84F3A-75D4-4EAF-BDB8-878BEE903BF7}.Release|x64.Build.0 = Release|x64
		{BBF84F3A-75D4-4EAF-BDB8-878BEE903BF7}.Release|x86.ActiveCfg = Release|Win32
		{BBF84F3A-75D4-4EAF-BDB8-878BEE903BF7}.Release|x86.Build.0 = Release|Win32
		{B6660528-32DC-440C-8963-4AB93AB3727E}.Debug|x64.ActiveCfg = Debug|x64
		{B6660528-32DC-440C-8963-4AB93AB3727E}.Debug|x64.Build.0 = Debug|x64
		{B6660528-32DC-440C-8963-4AB93AB3727E}.Debug|x86.ActiveCfg = Debug|Win32
		{B6660528-32DC-440C-8963-4AB93AB3727E}.Debug|x86.Build.0 = Debug|Win32
		{B6660528-32DC-440C-8963-4AB93AB3727E}.Release|x64.ActiveCfg = Release|x64
		{B6660528-32DC-440C-8963-4AB93AB3727E}.Release|x64.Build.0 = Release|x64
		{B6660528-32DC-440C-8963-4AB93AB3727E}.Release|x86.ActiveCfg = Release|Win32
		{B6660528-32DC-440C-8963-4AB93AB3727E}.Release|x86.Build.0 = Release|Win32
		{420345EC-BB03-4F1A-BCE7-37EB66C3F3C5}.Debug|x64.ActiveCfg = Debug|x64
		{420345EC-BB03-4F1A-BCE7-37EB66C3F3C5}.Debug|x64.Build.0 = Debug|x64
		{420345EC-BB03-4F1A-BCE7-37EB66C3F3C5}.Debug|x86.ActiveCfg = Debug|Win32
		{420345EC-BB03-4F1A-BCE7-37EB66C3F3C5}.Debug|x86.Build.0 = Debug|Win32
		{420345EC-BB03-4F1A-BCE7-37EB66C3F3C5}.Release|x64.ActiveCfg = Release|x64
		{420345EC-BB03-4F1A-BCE7-37EB66C3F3C5}.Release|x64.Build.0 = Release|x64
		{420345EC-BB03-4F1A-BCE7-37EB66C3F3C5}.Release|x86.ActiveCfg = Release|Win32
		{420345EC-BB03-4F1A-BCE7-37EB66C3F3C5}.Release|x86.Build.0 = Release|Win32
		{47D6F7FB-90B8-463A-A050-CF5B90E0FEB4}.Debug|x64.ActiveCfg = Debug|x64
		{47D6F7FB-90B8-463A-A050-CF5B90E0FEB4}.Debug|x64.Build.0 = Debug|x64
		{47D6F7FB-90B8-463A-A050-CF5B90E0FEB4}.Debug|x86.ActiveCfg = Debug|Win32
		{47D6F7FB-90B8-463A-A050-CF5B90E0FEB4}.Debug|x86.Build.0 = Debug|Win32
		{47D6F7FB-90B8-463A-A050-CF5B90E0FEB4}.Release|x64.ActiveCfg = Release|x64
		{47D6F7FB-90B8-463A-A050-CF5B90E0FEB4}.Release|x64.Build.0 = Release|x64
		{47D6F7FB-90B8-463A-A050-CF5B90E0FEB4}.Release|x86.ActiveCfg = Release|Win32
		{47D6F7FB-90B8-463A-A050-CF5B90E0FEB4}.Release|x86.Build.0 = Release|Win32
		{882D0C8F-1567-476E-817A-425AAF9BA869}.Debug|x64.ActiveCfg = Debug|x64
		{882D0C8F-1567-476E-817A-425AAF9BA869}.Debug|x64.Build.0 = Debug|x64
		{882D0C8F-1567-476E-817A-425AAF9BA869}.Debug|x86.ActiveCfg = Debug|Win32
		{882D0C8F-1567-476E-817A-425AAF9BA869}.Debug|x86.Build.0 = Debug|Win32
		{882D0C8F-1567-476E-817A-425AAF9BA869}.Release|x64.ActiveCfg = Release|x64
		{882D0C8F-1567-476E-817A-425AAF9BA869}.Release|x64.Build.0 = Release|x64
		{882D0C8F-1567-476E-817A-425AAF9BA869}.Release|x86.ActiveCfg = Release|Win32
		{882D0C8F-1567-476E-817A-425AAF9BA869}.Release|x86.Build.0 = Release|Win32
		{A1DF19DD-673D-4FD2-BAB0-1DDBE9B811DC}.Debug|x64.ActiveCfg = Debug|x64
		{A1DF19DD-673D-4FD2-BAB0-1DDBE9B811DC}.Debug|x64.Build.0 = Debug|x64
		{A1DF19DD-673D-4FD2-BAB0-1DDBE9B811DC}.Debug|x86.ActiveCfg = Debug|Win32
		{A1DF19DD-673D-4FD2-BAB0-1DDBE9B811DC}.Debug|x86.Build.0 = Debug|Win32
		{A1DF19DD-673D-4FD2-BAB0-1DDBE9B811DC}.Release|x64.ActiveCfg = Release|x64
		{A1DF19DD-673D-4FD2-BAB0-1DDBE9B811DC}.Release|x64.Build.0 = Release|x64
		{A1DF19DD-673D-4FD2-BAB0-1DDBE9B811DC}.Release|x86.ActiveCfg = Release|Win32
		{A1DF19DD-673D-4FD2-BAB0-1DDBE9B811DC}.Release|x86.Build.0 = Release|Win32
		{E6BCD911-A819-4BF4-9E63-6110CEC5338E}.Debug|x64.ActiveCfg = Debug|x64
		{E6BCD911-A819-4BF4-9E63-6110CEC5338E}.Debug|x64.Build.0 = Debug|x64
		{E6BCD911-A819-4BF4-9E63-6110CEC5338E}.Debug|x86.ActiveCfg = Debug|Win32
		{E6BCD911-A819-4BF4-9E63-6110CEC5338E}.Debug|x86.Build.0 = Debug|Win32
		{E6BCD911-A819-4BF4-9E63-6110CEC5338E}.Release|x64.ActiveCfg = Release|x64
		{E6BCD911-A819-4BF4-9E63-6110CEC5338E}.Release|x64.Build.0 = Release|x64
		{E6BCD911-A819-4BF4-9E63-6110CEC5338E}.Release|x86.ActiveCfg = Release|Win32
		{E6BCD911-A819-4BF4-9E63-6110CEC5338E}.Release|x86.Build.0 = Release|Win32
		{04284B1A-9819-4224-A355-8EEC600DC877}.Debug|x64.ActiveCfg = Debug|x64
		{04284B1A-9819-4224-A355-8EEC600DC877}.Debug|x64.Build.0 = Debug|x64
		{04284B1A-9819-4224-A355-8EEC600DC877}.Debug|x86.ActiveCfg = Debug|Win32
		{04284B1A-9819-4224-A355-8EEC600DC877}.Debug|x86.Build.0 = Debug|Win32
		{04284B1A-9819-4224-A355-8EEC600DC877}.Release|x64.ActiveCfg = Release|x64
		{04284B1A-9819-4224-A355-8EEC600DC877}.Release|x64.Build.0 = Release|x64
		{04284B1A-9819-4224-A355-8EEC600DC877}.Release|x86.ActiveCfg = Release|Win32
		{04284B1A-9819-4224-A355-8EEC600DC877}.Release|x86.Build.0 = Release|Win32
		{5CF34FEC-E013-49A8-9743-894A50342E9D}.Debug|x64.ActiveCfg = Debug|x64
		{5CF34FEC-E013-49A8-9743-894A50342E9D}.Debug|x64.Build.0 = Debug|x64
		{5CF34FEC-E013-49A8-9743-894A50342E9D}.Debug|x86.ActiveCfg = Debug|Win32
		{5CF34FEC-E013-49A8-9743-894A50342E9D}.Debug|x86.Build.0 = Debug|Win32
		{5CF34FEC-E013-49A8-9743-894A50342E9D}.Release|x64.ActiveCfg = Release|x64
		{5CF34FEC-E013-49A8-9743-894A50342E9D}.Release|x64.Build.0 = Release|x64
		{5CF34FEC-E013-49A8-9743-894A50342E9D}.Release|x86.ActiveCfg = Release|Win32
		{5CF34FEC-E013-49A8-9743-894A50342E9D}.Release|x86.Build.0 = Release|Win32
		{1BCDB258-4D9F-4020-B9CD-FE7D59AB633B}.Debug|x64.ActiveCfg = Debug|x64
		{1BCDB258-4D9F-4020-B9CD-FE7D59AB633B}.Debug|x64.Build.0 = Debug|x64
		{1BCDB258-4D9F-4020-B9CD-FE7D59AB633B}.Debug|x86.ActiveCfg = Debug|Win32
		{1BCDB258-4D9F-4020-B9CD-FE7D59AB633B}.Debug|x86.Build.0 = Debug|Win32
		{1BCDB258-4D9F-4020-B9CD-FE7D59AB633B}.Release|x64.ActiveCfg = Release|x64
		{1BCDB258-4D9F-4020-B9CD-FE7D59AB633B}.Release|x64.Build.0 = Release|x64
		{1BCDB258-4D9F-4020-B9CD-FE7D59AB633B}.Release|x86.ActiveCfg = Release|Win32
		{1BCDB258-4D9F-4020-B9CD-FE7D59AB633B}.Release|x86.Build.0 = Release|Win32
		{ABD82499-561C-4DD1-9B70-3D2F2A5EB9A8}.Debug|x64.ActiveCfg = Debug|x64
		{ABD82499-561C-4DD1-9B70-3D2F2A5EB9A8}.Debug|x64.Build.0 = Debug|x64
		{ABD82499-561C-4DD1-9B70-3D2F2A5EB9A8}.Debug|x86.ActiveCfg = Debug|Win32
		{ABD82499-561C-4DD1-9B70-3D2F2A5EB9A8}.Debug|x86.Build.0 = Debug|Win32
		{ABD82499-561C-4DD1-9B70-3D2F2A5EB9A8}.Release|x64.ActiveCfg = Release|x64
		{ABD82499-561C-4DD1-9B70-3D2F2A5EB9A8}.Release|x64.Build.0 = Release|x64
		{ABD82499-561C-4DD1-9B70-3D2F2A5EB9A8}.Release|x86.ActiveCfg = Release|Win32
		{ABD82499-561C-4DD1-9B70-3D2F2A5EB9A8}.Release|x86.Build.0 = Release|Win32
		{BAAB6EFA-242C-49B8-A72A-A3BCC5177DD4}.Debug|x64.ActiveCfg = Debug|x64
		{BAAB6EFA-242C-49B8-A72A-A3BCC5177DD4}.Debug|x64.Build.0 = Debug|x64
		{BAAB6EFA-242C-49B8-A72A-A3BCC5177DD4}.Debug|x86.ActiveCfg = Debug|Win32
		{BAAB6EFA-242C-49B8-A72A-A3BCC5177DD4}.Debug|x86.Build.0 = Debug|Win32
		{BAAB6EFA-242C-49B8-A72A-A3BCC5177DD4}.Release|x64.ActiveCfg = Release|x64
		{BAAB6EFA-242C-49B8-A72A-A3BCC5177DD4}.Release|x64.Build.0 = Release|x64
		{BAAB6EFA-242C-49B8-A72A-A3BCC5177DD4}.Release|x86.ActiveCfg = Release|Win32
		{BAAB6EFA-242C-49B8-A72A-A3BCC5177DD4}.Release|x86.Build.0 = Release|Win32
		{84B18716-EF5C-4923-B69A-02844F4A58B2}.Debug|x64.ActiveCfg = Debug|x64
		{84B18716-EF5C-4923-B69A-02844F4A58B2}.Debug|x64.Build.0 = Debug|x64
		{84B18716-EF5C-4923-B69A-02844F4A58B2}.Debug|x86.ActiveCfg = Debug|Win32
		{84B18716-EF5C-4923-B69A-02844F4A58B2}.Debug|x86.Build.0 = Debug|Win32
		{84B18716-EF5C-4923-B69A-02844F4A58B2}.Release|x64.ActiveCfg = Release|x64
		{84B18716-EF5C-4923-B69A-02844F4A58B2}.Release|x64.Build.0 = Release|x64
		{84B18716-EF5C-4923-B69A-02844F4A58B2}.Release|x86.ActiveCfg = Release|Win32
		{84B18716-EF5C-4923-B69A-02844F4A58B2}.Release|x86.Build.0 = Release|Win32
		{D86B9A1A-1B0D-481C-ACC1-99FA7AAEE008}.Debug|x64.ActiveCfg = Debug|x64
		{D86B9A1A-1B0D-481C-ACC1-99FA7AAEE008}.Debug|x64.Build.0 = Debug|x64
		{D86B9A1A-1B0D-481C-ACC1-99FA7AAEE008}.Debug|x86.ActiveCfg = Debug|Win32
		{D86B9A1A-1B0D-481C-ACC1-99FA7AAEE008}.Debug|x86.Build.0 = Debug|Win32
		{D86B9A1A-1B0D-481C-ACC1-99FA7AAEE008}.Release|x64.ActiveCfg = Release|x64
		{D86B9A1A-1B0D-481C-ACC1-99FA7AAEE008}.Release|x64.Build.0 = Release|x64
		{D86B9A1A-1B0D-481C-ACC1-99FA7AAEE008}.Release|x86.ActiveCfg = Release|Win32
		{D86B9A1A-1B0D-481C-ACC1-99FA7AAEE008}.Release|x86.Build.0 = Release|Win32
		{81B1BA5C-66AF-4F0F-98D4-A59693C51657}.Debug|x64.ActiveCfg = Debug|x64
		{81B1BA5C-66AF-4F0F-98D4-A59693C51657}.Debug|x64.Build.0 = Debug|x64
		{81B1BA5C-66AF-4F0F-98D4-A59693C51657}.Debug|x86.ActiveCfg = Debug|Win32
		{81B1BA5C-66AF-4F0F-98D4-A59693C51657}.Debug|x86.Build.0 = Debug|Win32
		{81B1BA5C-66AF-4F0F-98D4-A59693C51657}.Release|x64.ActiveCfg = Release|x64
		{81B1BA5C-66AF-4F0F-98D4-A59693C51657}.Release|x64.Build.0 = Release|x64
		{81B1BA5C-66AF-4F0F-98D4-A59693C51657}.Release|x86.ActiveCfg = Release|Win32
		{81B1BA5C-66AF-4F0F-98D4-A59693C51657}.Release|x86.Build.0 = Release|Win32
	EndGlobalSection
	GlobalSection(SolutionProperties) = preSolution
		HideSolutionNode = FALSE
	EndGlobalSection
	GlobalSection(NestedProjects) = preSolution
		{644927F3-F83D-47C7-8D43-6BE4FCFFCF1F} = {1B6EADDE-4033-4F44-A060-AF6CE59DE16B}
		{EBA4EF39-5761-4B81-A8A1-9F56AFCEDE14} = {1B6EADDE-4033-4F44-A060-AF6CE59DE16B}
		{885990B8-0C66-4662-849B-784D5F6D610D} = {1B6EADDE-4033-4F44-A060-AF6CE59DE16B}
		{0EEC1B38-169D-4094-9CFD-7843CA852ABB} = {072B7BBE-FDA4-4285-A5B5-B19A0F469287}
		{5207C8FE-2E26-437F-B621-0549B35099C4} = {072B7BBE-FDA4-4285-A5B5-B19A0F469287}
		{7E964C7D-3363-4763-9F9F-9B3E4C74D33A} = {072B7BBE-FDA4-4285-A5B5-B19A0F469287}
		{47E1A339-3624-48B0-9062-ABCD5EA4E290} = {FEEA3A8B-CEEF-4828-8C8A-EACEC6B36F48}
		{A7868D76-BAE6-432C-99E2-1EA487D80EDF} = {FEEA3A8B-CEEF-4828-8C8A-EACEC6B36F48}
		{84E3D4CC-3477-4397-B7A0-EF8D0EC18290} = {FEEA3A8B-CEEF-4828-8C8A-EACEC6B36F48}
		{F0F34586-9CA1-49A7-B535-EC839E18B4AD} = {A75FECDE-D3C2-470D-AFDD-BEBB04A3E2AE}
		{BBF84F3A-75D4-4EAF-BDB8-878BEE903BF7} = {A75FECDE-D3C2-470D-AFDD-BEBB04A3E2AE}
		{B6660528-32DC-440C-8963-4AB93AB3727E} = {A75FECDE-D3C2-470D-AFDD-BEBB04A3E2AE}
		{420345EC-BB03-4F1A-BCE7-37EB66C3F3C5} = {06CEE74F-3002-4043-AF36-3859143428C0}
		{47D6F7FB-90B8-463A-A050-CF5B90E0FEB4} = {06CEE74F-3002-4043-AF36-3859143428C0}
		{882D0C8F-1567-476E-817A-425AAF9BA869} = {06CEE74F-3002-4043-AF36-3859143428C0}
		{A1DF19DD-673D-4FD2-BAB0-1DDBE9B811DC} = {61AFE076-5F79-4CF5-893B-D47413BE0222}
		{E6BCD911-A819-4BF4-9E63-6110CEC5338E} = {61AFE076-5F79-4CF5-893B-D47413BE0222}
		{04284B1A-9819-4224-A355-8EEC600DC877} = {441412C5-ADF2-4ED6-899C-DDE14009D824}
		{5CF34FEC-E013-49A8-9743-894A50342E9D} = {441412C5-ADF2-4ED6-899C-DDE14009D824}
		{1BCDB258-4D9F-4020-B9CD-FE7D59AB633B} = {441412C5-ADF2-4ED6-899C-DDE14009D824}
		{ABD82499-561C-4DD1-9B70-3D2F2A5EB9A8} = {AEF4CE1A-1A76-4CF0-9900-4D2CF2BE40F1}
		{BAAB6EFA-242C-49B8-A72A-A3BCC5177DD4} = {EF0918DC-0617-45A0-B691-5752EFCA03E6}
		{84B18716-EF5C-4923-B69A-02844F4A58B2} = {7165169F-249D-4E3D-8DC5-0965BDFE364C}
		{D86B9A1A-1B0D-481C-ACC1-99FA7AAEE008} = {61AFE076-5F79-4CF5-893B-D47413BE0222}
	EndGlobalSection
	GlobalSection(ExtensibilityGlobals) = postSolution
		SolutionGuid = {A57B9CDE-E07E-4E56-8436-3E36636846D3}
	EndGlobalSection
EndGlobal
